
Microsoft Visual Studio Solution File, Format Version 12.00
# Visual Studio 15
VisualStudioVersion = 15.0.27004.2006
MinimumVisualStudioVersion = 10.0.40219.1
Project("{FAE04EC0-301F-11D3-BF4B-00C04F79EFBC}") = "DataFlowExPatterns", "DataFlowExPatterns\DataFlowExPatterns.csproj", "{460E5CE2-5AFC-49DB-A4CE-A59D4A143875}"
EndProject
Project("{FAE04EC0-301F-11D3-BF4B-00C04F79EFBC}") = "DataObjects", "DataObjects\DataObjects.csproj", "{5AEC0C7F-6849-4F0E-98D9-9F46D5433A1F}"
EndProject
Project("{FAE04EC0-301F-11D3-BF4B-00C04F79EFBC}") = "DataFlowExPatternsUnitTests", "DatFlowExPatternsUnitTests\DataFlowExPatternsUnitTests.csproj", "{B6C6EFB8-B110-4C51-862F-B8FD8B633878}"
EndProject
Global
	GlobalSection(SolutionConfigurationPlatforms) = preSolution
		Debug|Any CPU = Debug|Any CPU
		Release|Any CPU = Release|Any CPU
	EndGlobalSection
	GlobalSection(ProjectConfigurationPlatforms) = postSolution
		{460E5CE2-5AFC-49DB-A4CE-A59D4A143875}.Debug|Any CPU.ActiveCfg = Debug|Any CPU
		{460E5CE2-5AFC-49DB-A4CE-A59D4A143875}.Debug|Any CPU.Build.0 = Debug|Any CPU
		{460E5CE2-5AFC-49DB-A4CE-A59D4A143875}.Release|Any CPU.ActiveCfg = Release|Any CPU
		{460E5CE2-5AFC-49DB-A4CE-A59D4A143875}.Release|Any CPU.Build.0 = Release|Any CPU
		{5AEC0C7F-6849-4F0E-98D9-9F46D5433A1F}.Debug|Any CPU.ActiveCfg = Debug|Any CPU
		{5AEC0C7F-6849-4F0E-98D9-9F46D5433A1F}.Debug|Any CPU.Build.0 = Debug|Any CPU
		{5AEC0C7F-6849-4F0E-98D9-9F46D5433A1F}.Release|Any CPU.ActiveCfg = Release|Any CPU
		{5AEC0C7F-6849-4F0E-98D9-9F46D5433A1F}.Release|Any CPU.Build.0 = Release|Any CPU
		{B6C6EFB8-B110-4C51-862F-B8FD8B633878}.Debug|Any CPU.ActiveCfg = Debug|Any CPU
		{B6C6EFB8-B110-4C51-862F-B8FD8B633878}.Debug|Any CPU.Build.0 = Debug|Any CPU
		{B6C6EFB8-B110-4C51-862F-B8FD8B633878}.Release|Any CPU.ActiveCfg = Release|Any CPU
		{B6C6EFB8-B110-4C51-862F-B8FD8B633878}.Release|Any CPU.Build.0 = Release|Any CPU
	EndGlobalSection
	GlobalSection(SolutionProperties) = preSolution
		HideSolutionNode = FALSE
	EndGlobalSection
	GlobalSection(ExtensibilityGlobals) = postSolution
		SolutionGuid = {36858BA6-6032-420E-87E6-1419680EBFF9}
	EndGlobalSection
EndGlobal
